
Microsoft Visual Studio Solution File, Format Version 9.00
# Visual Studio 2005
Project("{8BC9CEB8-8B4A-11D0-8D11-00A0C91BC942}") = "DXGraphics", "DXGraphics\DXGraphics.vcproj", "{2464946F-6B49-40AB-B6B7-E7359EAEA385}"
	ProjectSection(ProjectDependencies) = postProject
		{757EDF29-E6D2-4FEB-8920-760C978BD0A5} = {757EDF29-E6D2-4FEB-8920-760C978BD0A5}
	EndProjectSection
EndProject
Project("{8BC9CEB8-8B4A-11D0-8D11-00A0C91BC942}") = "OUE", "OUE\OUE.vcproj", "{5918B13F-7854-4925-AD62-A806C5A39D42}"
	ProjectSection(ProjectDependencies) = postProject
		{F3E14813-EBBD-44FA-B637-9F272BC133E5} = {F3E14813-EBBD-44FA-B637-9F272BC133E5}
		{757EDF29-E6D2-4FEB-8920-760C978BD0A5} = {757EDF29-E6D2-4FEB-8920-760C978BD0A5}
		{2464946F-6B49-40AB-B6B7-E7359EAEA385} = {2464946F-6B49-40AB-B6B7-E7359EAEA385}
	EndProjectSection
EndProject
Project("{8BC9CEB8-8B4A-11D0-8D11-00A0C91BC942}") = "DXInput", "DXInput\DXInput.vcproj", "{F3E14813-EBBD-44FA-B637-9F272BC133E5}"
EndProject
Project("{8BC9CEB8-8B4A-11D0-8D11-00A0C91BC942}") = "Utility", "Utility\Utility.vcproj", "{0E1727B0-61CD-4B2A-ADDA-3858D5FFACE9}"
	ProjectSection(ProjectDependencies) = postProject
		{F3E14813-EBBD-44FA-B637-9F272BC133E5} = {F3E14813-EBBD-44FA-B637-9F272BC133E5}
		{2464946F-6B49-40AB-B6B7-E7359EAEA385} = {2464946F-6B49-40AB-B6B7-E7359EAEA385}
	EndProjectSection
EndProject
Project("{8BC9CEB8-8B4A-11D0-8D11-00A0C91BC942}") = "Samples", "Samples\Samples.vcproj", "{2E2C3D5D-B6EB-4458-9D77-61A12AAC2C09}"
	ProjectSection(ProjectDependencies) = postProject
		{F3E14813-EBBD-44FA-B637-9F272BC133E5} = {F3E14813-EBBD-44FA-B637-9F272BC133E5}
		{2464946F-6B49-40AB-B6B7-E7359EAEA385} = {2464946F-6B49-40AB-B6B7-E7359EAEA385}
		{0E1727B0-61CD-4B2A-ADDA-3858D5FFACE9} = {0E1727B0-61CD-4B2A-ADDA-3858D5FFACE9}
	EndProjectSection
EndProject
Project("{8BC9CEB8-8B4A-11D0-8D11-00A0C91BC942}") = "Game", "Game\Game.vcproj", "{FD0DB25F-DD03-4C1C-8D80-092DEFC3E663}"
	ProjectSection(ProjectDependencies) = postProject
		{757EDF29-E6D2-4FEB-8920-760C978BD0A5} = {757EDF29-E6D2-4FEB-8920-760C978BD0A5}
		{5918B13F-7854-4925-AD62-A806C5A39D42} = {5918B13F-7854-4925-AD62-A806C5A39D42}
	EndProjectSection
EndProject
Project("{8BC9CEB8-8B4A-11D0-8D11-00A0C91BC942}") = "TestUnit", "TestUnit\TestUnit.vcproj", "{87F813F1-B43E-4712-B760-4D86E12F72F2}"
	ProjectSection(ProjectDependencies) = postProject
		{757EDF29-E6D2-4FEB-8920-760C978BD0A5} = {757EDF29-E6D2-4FEB-8920-760C978BD0A5}
	EndProjectSection
EndProject
Project("{8BC9CEB8-8B4A-11D0-8D11-00A0C91BC942}") = "Base", "Base\Base.vcproj", "{757EDF29-E6D2-4FEB-8920-760C978BD0A5}"
EndProject
Project("{8BC9CEB8-8B4A-11D0-8D11-00A0C91BC942}") = "Race", "Race\Race.vcproj", "{64C9FDF2-3C9C-4B88-8098-BE294A2705E8}"
	ProjectSection(ProjectDependencies) = postProject
		{757EDF29-E6D2-4FEB-8920-760C978BD0A5} = {757EDF29-E6D2-4FEB-8920-760C978BD0A5}
		{5918B13F-7854-4925-AD62-A806C5A39D42} = {5918B13F-7854-4925-AD62-A806C5A39D42}
	EndProjectSection
EndProject
Project("{8BC9CEB8-8B4A-11D0-8D11-00A0C91BC942}") = "AtomDemo", "AtomDemo\AtomDemo.vcproj", "{63736C84-B47A-48C5-B7A3-159A60F63772}"
	ProjectSection(ProjectDependencies) = postProject
		{757EDF29-E6D2-4FEB-8920-760C978BD0A5} = {757EDF29-E6D2-4FEB-8920-760C978BD0A5}
		{5918B13F-7854-4925-AD62-A806C5A39D42} = {5918B13F-7854-4925-AD62-A806C5A39D42}
	EndProjectSection
EndProject
Global
	GlobalSection(SolutionConfigurationPlatforms) = preSolution
		Debug|Win32 = Debug|Win32
		Release|Win32 = Release|Win32
	EndGlobalSection
	GlobalSection(ProjectConfigurationPlatforms) = postSolution
		{2464946F-6B49-40AB-B6B7-E7359EAEA385}.Debug|Win32.ActiveCfg = Debug|Win32
		{2464946F-6B49-40AB-B6B7-E7359EAEA385}.Debug|Win32.Build.0 = Debug|Win32
		{2464946F-6B49-40AB-B6B7-E7359EAEA385}.Release|Win32.ActiveCfg = Release|Win32
		{2464946F-6B49-40AB-B6B7-E7359EAEA385}.Release|Win32.Build.0 = Release|Win32
		{5918B13F-7854-4925-AD62-A806C5A39D42}.Debug|Win32.ActiveCfg = Debug|Win32
		{5918B13F-7854-4925-AD62-A806C5A39D42}.Debug|Win32.Build.0 = Debug|Win32
		{5918B13F-7854-4925-AD62-A806C5A39D42}.Release|Win32.ActiveCfg = Release|Win32
		{5918B13F-7854-4925-AD62-A806C5A39D42}.Release|Win32.Build.0 = Release|Win32
		{F3E14813-EBBD-44FA-B637-9F272BC133E5}.Debug|Win32.ActiveCfg = Debug|Win32
		{F3E14813-EBBD-44FA-B637-9F272BC133E5}.Debug|Win32.Build.0 = Debug|Win32
		{F3E14813-EBBD-44FA-B637-9F272BC133E5}.Release|Win32.ActiveCfg = Release|Win32
		{F3E14813-EBBD-44FA-B637-9F272BC133E5}.Release|Win32.Build.0 = Release|Win32
		{0E1727B0-61CD-4B2A-ADDA-3858D5FFACE9}.Debug|Win32.ActiveCfg = Debug|Win32
		{0E1727B0-61CD-4B2A-ADDA-3858D5FFACE9}.Debug|Win32.Build.0 = Debug|Win32
		{0E1727B0-61CD-4B2A-ADDA-3858D5FFACE9}.Release|Win32.ActiveCfg = Release|Win32
		{0E1727B0-61CD-4B2A-ADDA-3858D5FFACE9}.Release|Win32.Build.0 = Release|Win32
		{2E2C3D5D-B6EB-4458-9D77-61A12AAC2C09}.Debug|Win32.ActiveCfg = Debug|Win32
		{2E2C3D5D-B6EB-4458-9D77-61A12AAC2C09}.Debug|Win32.Build.0 = Debug|Win32
		{2E2C3D5D-B6EB-4458-9D77-61A12AAC2C09}.Release|Win32.ActiveCfg = Release|Win32
		{2E2C3D5D-B6EB-4458-9D77-61A12AAC2C09}.Release|Win32.Build.0 = Release|Win32
		{FD0DB25F-DD03-4C1C-8D80-092DEFC3E663}.Debug|Win32.ActiveCfg = Debug|Win32
		{FD0DB25F-DD03-4C1C-8D80-092DEFC3E663}.Debug|Win32.Build.0 = Debug|Win32
		{FD0DB25F-DD03-4C1C-8D80-092DEFC3E663}.Release|Win32.ActiveCfg = Release|Win32
		{FD0DB25F-DD03-4C1C-8D80-092DEFC3E663}.Release|Win32.Build.0 = Release|Win32
		{87F813F1-B43E-4712-B760-4D86E12F72F2}.Debug|Win32.ActiveCfg = Debug|Win32
		{87F813F1-B43E-4712-B760-4D86E12F72F2}.Debug|Win32.Build.0 = Debug|Win32
		{87F813F1-B43E-4712-B760-4D86E12F72F2}.Release|Win32.ActiveCfg = Release|Win32
		{87F813F1-B43E-4712-B760-4D86E12F72F2}.Release|Win32.Build.0 = Release|Win32
		{757EDF29-E6D2-4FEB-8920-760C978BD0A5}.Debug|Win32.ActiveCfg = Debug|Win32
		{757EDF29-E6D2-4FEB-8920-760C978BD0A5}.Debug|Win32.Build.0 = Debug|Win32
		{757EDF29-E6D2-4FEB-8920-760C978BD0A5}.Release|Win32.ActiveCfg = Release|Win32
		{757EDF29-E6D2-4FEB-8920-760C978BD0A5}.Release|Win32.Build.0 = Release|Win32
		{64C9FDF2-3C9C-4B88-8098-BE294A2705E8}.Debug|Win32.ActiveCfg = Debug|Win32
		{64C9FDF2-3C9C-4B88-8098-BE294A2705E8}.Debug|Win32.Build.0 = Debug|Win32
		{64C9FDF2-3C9C-4B88-8098-BE294A2705E8}.Release|Win32.ActiveCfg = Release|Win32
		{64C9FDF2-3C9C-4B88-8098-BE294A2705E8}.Release|Win32.Build.0 = Release|Win32
		{63736C84-B47A-48C5-B7A3-159A60F63772}.Debug|Win32.ActiveCfg = Debug|Win32
		{63736C84-B47A-48C5-B7A3-159A60F63772}.Debug|Win32.Build.0 = Debug|Win32
		{63736C84-B47A-48C5-B7A3-159A60F63772}.Release|Win32.ActiveCfg = Release|Win32
		{63736C84-B47A-48C5-B7A3-159A60F63772}.Release|Win32.Build.0 = Release|Win32
	EndGlobalSection
	GlobalSection(SolutionProperties) = preSolution
		HideSolutionNode = FALSE
	EndGlobalSection
EndGlobal
