
Microsoft Visual Studio Solution File, Format Version 9.00
# Visual Studio 2005
Project("{8BC9CEB8-8B4A-11D0-8D11-00A0C91BC942}") = "Demo", "Demo\Demo.vcproj", "{2167653D-BF1E-47E6-A47D-C028B9E2430E}"
EndProject
Project("{8BC9CEB8-8B4A-11D0-8D11-00A0C91BC942}") = "OneU Plugins", "..\..\plugins\OneU Plugins\OneU Plugins.vcproj", "{38CCFEA9-58E7-4A88-AD3C-FBB277BAAB25}"
EndProject
Project("{8BC9CEB8-8B4A-11D0-8D11-00A0C91BC942}") = "DXGraphics", "..\..\core\DXGraphics\DXGraphics.vcproj", "{2464946F-6B49-40AB-B6B7-E7359EAEA385}"
	ProjectSection(ProjectDependencies) = postProject
		{757EDF29-E6D2-4FEB-8920-760C978BD0A5} = {757EDF29-E6D2-4FEB-8920-760C978BD0A5}
	EndProjectSection
EndProject
Project("{8BC9CEB8-8B4A-11D0-8D11-00A0C91BC942}") = "OUE", "..\..\core\OUE\OUE.vcproj", "{5918B13F-7854-4925-AD62-A806C5A39D42}"
	ProjectSection(ProjectDependencies) = postProject
		{F3E14813-EBBD-44FA-B637-9F272BC133E5} = {F3E14813-EBBD-44FA-B637-9F272BC133E5}
		{757EDF29-E6D2-4FEB-8920-760C978BD0A5} = {757EDF29-E6D2-4FEB-8920-760C978BD0A5}
		{2464946F-6B49-40AB-B6B7-E7359EAEA385} = {2464946F-6B49-40AB-B6B7-E7359EAEA385}
	EndProjectSection
EndProject
Project("{8BC9CEB8-8B4A-11D0-8D11-00A0C91BC942}") = "DXInput", "..\..\core\DXInput\DXInput.vcproj", "{F3E14813-EBBD-44FA-B637-9F272BC133E5}"
EndProject
Project("{8BC9CEB8-8B4A-11D0-8D11-00A0C91BC942}") = "Game", "..\..\core\Game\Game.vcproj", "{FD0DB25F-DD03-4C1C-8D80-092DEFC3E663}"
	ProjectSection(ProjectDependencies) = postProject
		{757EDF29-E6D2-4FEB-8920-760C978BD0A5} = {757EDF29-E6D2-4FEB-8920-760C978BD0A5}
		{5918B13F-7854-4925-AD62-A806C5A39D42} = {5918B13F-7854-4925-AD62-A806C5A39D42}
	EndProjectSection
EndProject
Project("{8BC9CEB8-8B4A-11D0-8D11-00A0C91BC942}") = "Base", "..\..\core\Base\Base.vcproj", "{757EDF29-E6D2-4FEB-8920-760C978BD0A5}"
EndProject
Project("{8BC9CEB8-8B4A-11D0-8D11-00A0C91BC942}") = "AtomDemo", "..\..\core\AtomDemo\AtomDemo.vcproj", "{63736C84-B47A-48C5-B7A3-159A60F63772}"
	ProjectSection(ProjectDependencies) = postProject
		{757EDF29-E6D2-4FEB-8920-760C978BD0A5} = {757EDF29-E6D2-4FEB-8920-760C978BD0A5}
		{5918B13F-7854-4925-AD62-A806C5A39D42} = {5918B13F-7854-4925-AD62-A806C5A39D42}
	EndProjectSection
EndProject
Global
	GlobalSection(SolutionConfigurationPlatforms) = preSolution
		Debug|Win32 = Debug|Win32
		Release|Win32 = Release|Win32
	EndGlobalSection
	GlobalSection(ProjectConfigurationPlatforms) = postSolution
		{2167653D-BF1E-47E6-A47D-C028B9E2430E}.Debug|Win32.ActiveCfg = Debug|Win32
		{2167653D-BF1E-47E6-A47D-C028B9E2430E}.Debug|Win32.Build.0 = Debug|Win32
		{2167653D-BF1E-47E6-A47D-C028B9E2430E}.Release|Win32.ActiveCfg = Release|Win32
		{2167653D-BF1E-47E6-A47D-C028B9E2430E}.Release|Win32.Build.0 = Release|Win32
		{38CCFEA9-58E7-4A88-AD3C-FBB277BAAB25}.Debug|Win32.ActiveCfg = Debug|Win32
		{38CCFEA9-58E7-4A88-AD3C-FBB277BAAB25}.Debug|Win32.Build.0 = Debug|Win32
		{38CCFEA9-58E7-4A88-AD3C-FBB277BAAB25}.Release|Win32.ActiveCfg = Release|Win32
		{38CCFEA9-58E7-4A88-AD3C-FBB277BAAB25}.Release|Win32.Build.0 = Release|Win32
		{2464946F-6B49-40AB-B6B7-E7359EAEA385}.Debug|Win32.ActiveCfg = Debug|Win32
		{2464946F-6B49-40AB-B6B7-E7359EAEA385}.Debug|Win32.Build.0 = Debug|Win32
		{2464946F-6B49-40AB-B6B7-E7359EAEA385}.Release|Win32.ActiveCfg = Release|Win32
		{2464946F-6B49-40AB-B6B7-E7359EAEA385}.Release|Win32.Build.0 = Release|Win32
		{5918B13F-7854-4925-AD62-A806C5A39D42}.Debug|Win32.ActiveCfg = Debug|Win32
		{5918B13F-7854-4925-AD62-A806C5A39D42}.Debug|Win32.Build.0 = Debug|Win32
		{5918B13F-7854-4925-AD62-A806C5A39D42}.Release|Win32.ActiveCfg = Release|Win32
		{5918B13F-7854-4925-AD62-A806C5A39D42}.Release|Win32.Build.0 = Release|Win32
		{F3E14813-EBBD-44FA-B637-9F272BC133E5}.Debug|Win32.ActiveCfg = Debug|Win32
		{F3E14813-EBBD-44FA-B637-9F272BC133E5}.Debug|Win32.Build.0 = Debug|Win32
		{F3E14813-EBBD-44FA-B637-9F272BC133E5}.Release|Win32.ActiveCfg = Release|Win32
		{F3E14813-EBBD-44FA-B637-9F272BC133E5}.Release|Win32.Build.0 = Release|Win32
		{FD0DB25F-DD03-4C1C-8D80-092DEFC3E663}.Debug|Win32.ActiveCfg = Debug|Win32
		{FD0DB25F-DD03-4C1C-8D80-092DEFC3E663}.Debug|Win32.Build.0 = Debug|Win32
		{FD0DB25F-DD03-4C1C-8D80-092DEFC3E663}.Release|Win32.ActiveCfg = Release|Win32
		{FD0DB25F-DD03-4C1C-8D80-092DEFC3E663}.Release|Win32.Build.0 = Release|Win32
		{757EDF29-E6D2-4FEB-8920-760C978BD0A5}.Debug|Win32.ActiveCfg = Debug|Win32
		{757EDF29-E6D2-4FEB-8920-760C978BD0A5}.Debug|Win32.Build.0 = Debug|Win32
		{757EDF29-E6D2-4FEB-8920-760C978BD0A5}.Release|Win32.ActiveCfg = Release|Win32
		{757EDF29-E6D2-4FEB-8920-760C978BD0A5}.Release|Win32.Build.0 = Release|Win32
		{63736C84-B47A-48C5-B7A3-159A60F63772}.Debug|Win32.ActiveCfg = Debug|Win32
		{63736C84-B47A-48C5-B7A3-159A60F63772}.Debug|Win32.Build.0 = Debug|Win32
		{63736C84-B47A-48C5-B7A3-159A60F63772}.Release|Win32.ActiveCfg = Release|Win32
		{63736C84-B47A-48C5-B7A3-159A60F63772}.Release|Win32.Build.0 = Release|Win32
	EndGlobalSection
	GlobalSection(SolutionProperties) = preSolution
		HideSolutionNode = FALSE
	EndGlobalSection
EndGlobal
